
Microsoft Visual Studio Solution File, Format Version 12.00
# Visual Studio 2017
Project("{FAE04EC0-301F-11D3-BF4B-00C04F79EFBC}") = "CourseGame_SEN", "CourseGame_SEN.csproj", "{6A3A75B6-FDD2-9496-CE07-967B0F8F6593}"
EndProject
Project("{FAE04EC0-301F-11D3-BF4B-00C04F79EFBC}") = "CourseGame_SEN.Editor", "CourseGame_SEN.Editor.csproj", "{3E6D5D8D-7E3F-1D15-02B4-4C7DD110A197}"
EndProject
Global
	GlobalSection(SolutionConfigurationPlatforms) = preSolution
		Debug|Any CPU = Debug|Any CPU
		Release|Any CPU = Release|Any CPU
	EndGlobalSection
	GlobalSection(ProjectConfigurationPlatforms) = postSolution
		{6A3A75B6-FDD2-9496-CE07-967B0F8F6593}.Debug|Any CPU.ActiveCfg = Debug|Any CPU
		{6A3A75B6-FDD2-9496-CE07-967B0F8F6593}.Debug|Any CPU.Build.0 = Debug|Any CPU
		{6A3A75B6-FDD2-9496-CE07-967B0F8F6593}.Release|Any CPU.ActiveCfg = Release|Any CPU
		{6A3A75B6-FDD2-9496-CE07-967B0F8F6593}.Release|Any CPU.Build.0 = Release|Any CPU
		{3E6D5D8D-7E3F-1D15-02B4-4C7DD110A197}.Debug|Any CPU.ActiveCfg = Debug|Any CPU
		{3E6D5D8D-7E3F-1D15-02B4-4C7DD110A197}.Debug|Any CPU.Build.0 = Debug|Any CPU
		{3E6D5D8D-7E3F-1D15-02B4-4C7DD110A197}.Release|Any CPU.ActiveCfg = Release|Any CPU
		{3E6D5D8D-7E3F-1D15-02B4-4C7DD110A197}.Release|Any CPU.Build.0 = Release|Any CPU
	EndGlobalSection
	GlobalSection(SolutionProperties) = preSolution
		HideSolutionNode = FALSE
	EndGlobalSection
EndGlobal
